# Generated by pub
# See https://dart.dev/tools/pub/glossary#lockfile
packages:
  _discoveryapis_commons:
    dependency: transitive
    description:
      name: _discoveryapis_commons
      url: "https://pub.dartlang.org"
    source: hosted
    version: "0.1.9"
  _fe_analyzer_shared:
    dependency: transitive
    description:
      name: _fe_analyzer_shared
      url: "https://pub.dartlang.org"
    source: hosted
    version: "2.1.0"
  analytics_event:
    dependency: "direct main"
    description:
      name: analytics_event
      url: "https://pub.dartlang.org"
    source: hosted
    version: "0.1.1"
  analytics_event_gen:
    dependency: "direct dev"
    description:
      name: analytics_event_gen
      url: "https://pub.dartlang.org"
    source: hosted
    version: "0.1.1"
  analyzer:
    dependency: transitive
    description:
      name: analyzer
      url: "https://pub.dartlang.org"
    source: hosted
    version: "0.39.6"
  archive:
    dependency: transitive
    description:
      name: archive
      url: "https://pub.dartlang.org"
    source: hosted
    version: "2.0.13"
  argon2_ffi:
    dependency: "direct main"
    description:
      path: "."
      ref: "97087b3c6dc2b3281849b6859565016426e848a9"
      resolved-ref: "97087b3c6dc2b3281849b6859565016426e848a9"
      url: "https://github.com/authpass/argon2_ffi.git"
    source: git
    version: "0.0.1"
  args:
    dependency: transitive
    description:
      name: args
      url: "https://pub.dartlang.org"
    source: hosted
    version: "1.6.0"
  async:
    dependency: transitive
    description:
      name: async
      url: "https://pub.dartlang.org"
    source: hosted
    version: "2.4.1"
  autofill_service:
    dependency: "direct main"
    description:
      path: "../deps/autofill_service"
      relative: true
    source: path
    version: "0.0.1"
  barcode_scan:
    dependency: "direct main"
    description:
      path: "."
      ref: "85cfc7efee91c3444d24435486cf292a32f04499"
      resolved-ref: "85cfc7efee91c3444d24435486cf292a32f04499"
      url: "https://github.com/RohitKumarMishra/flutter_barcode_reader.git"
    source: git
    version: "1.0.0"
  base32:
    dependency: transitive
    description:
      name: base32
      url: "https://pub.dartlang.org"
    source: hosted
    version: "1.1.1"
  biometric_storage:
    dependency: "direct main"
    description:
      name: biometric_storage
      url: "https://pub.dartlang.org"
    source: hosted
    version: "0.3.3"
  boolean_selector:
    dependency: transitive
    description:
      name: boolean_selector
      url: "https://pub.dartlang.org"
    source: hosted
    version: "2.0.0"
  build:
    dependency: transitive
    description:
      name: build
      url: "https://pub.dartlang.org"
    source: hosted
    version: "1.2.2"
  build_config:
    dependency: transitive
    description:
      name: build_config
      url: "https://pub.dartlang.org"
    source: hosted
    version: "0.4.2"
  build_daemon:
    dependency: transitive
    description:
      name: build_daemon
      url: "https://pub.dartlang.org"
    source: hosted
    version: "2.1.3"
  build_resolvers:
    dependency: transitive
    description:
      name: build_resolvers
      url: "https://pub.dartlang.org"
    source: hosted
    version: "1.3.3"
  build_runner:
    dependency: "direct dev"
    description:
      name: build_runner
      url: "https://pub.dartlang.org"
    source: hosted
    version: "1.8.0"
  build_runner_core:
    dependency: transitive
    description:
      name: build_runner_core
      url: "https://pub.dartlang.org"
    source: hosted
    version: "4.5.2"
  builder_static_text:
    dependency: "direct dev"
    description:
      name: builder_static_text
      url: "https://pub.dartlang.org"
    source: hosted
    version: "0.0.1+2"
  built_collection:
    dependency: transitive
    description:
      name: built_collection
      url: "https://pub.dartlang.org"
    source: hosted
    version: "4.3.2"
  built_value:
    dependency: "direct main"
    description:
      name: built_value
      url: "https://pub.dartlang.org"
    source: hosted
    version: "7.0.9"
  built_value_generator:
    dependency: "direct dev"
    description:
      name: built_value_generator
      url: "https://pub.dartlang.org"
    source: hosted
    version: "7.0.9"
  charcode:
    dependency: "direct main"
    description:
      name: charcode
      url: "https://pub.dartlang.org"
    source: hosted
    version: "1.1.3"
  checked_yaml:
    dependency: transitive
    description:
      name: checked_yaml
      url: "https://pub.dartlang.org"
    source: hosted
    version: "1.0.2"
  clock:
    dependency: "direct main"
    description:
      name: clock
      url: "https://pub.dartlang.org"
    source: hosted
    version: "1.0.1"
  code_builder:
    dependency: transitive
    description:
      name: code_builder
      url: "https://pub.dartlang.org"
    source: hosted
    version: "3.2.1"
  collection:
    dependency: transitive
    description:
      name: collection
      url: "https://pub.dartlang.org"
    source: hosted
    version: "1.14.12"
  convert:
    dependency: transitive
    description:
      name: convert
      url: "https://pub.dartlang.org"
    source: hosted
    version: "2.1.1"
  crypto:
    dependency: transitive
    description:
      name: crypto
      url: "https://pub.dartlang.org"
    source: hosted
    version: "2.1.4"
  cryptography:
    dependency: transitive
    description:
      name: cryptography
      url: "https://pub.dartlang.org"
    source: hosted
    version: "0.1.2"
  csslib:
    dependency: transitive
    description:
      name: csslib
      url: "https://pub.dartlang.org"
    source: hosted
    version: "0.16.1"
  cupertino_icons:
    dependency: "direct main"
    description:
      name: cupertino_icons
      url: "https://pub.dartlang.org"
    source: hosted
    version: "0.1.3"
  dart_style:
    dependency: transitive
    description:
      name: dart_style
      url: "https://pub.dartlang.org"
    source: hosted
    version: "1.3.4"
  device_info:
    dependency: "direct main"
    description:
      name: device_info
      url: "https://pub.dartlang.org"
    source: hosted
    version: "0.4.2+1"
  dio:
    dependency: transitive
    description:
      name: dio
      url: "https://pub.dartlang.org"
    source: hosted
    version: "3.0.9"
  ffi:
    dependency: "direct main"
    description:
      name: ffi
      url: "https://pub.dartlang.org"
    source: hosted
    version: "0.1.3"
  ffi_helper:
    dependency: "direct main"
    description:
      name: ffi_helper
      url: "https://pub.dartlang.org"
    source: hosted
    version: "1.4.0"
  file_chooser:
    dependency: "direct main"
    description:
      path: "plugins/file_chooser"
      ref: a73321baa3a0e7c16c66e9180211ae247e63f39c
      resolved-ref: a73321baa3a0e7c16c66e9180211ae247e63f39c
      url: "https://github.com/hpoul/flutter-desktop-embedding.git"
    source: git
    version: "0.0.1"
  file_picker:
    dependency: "direct main"
    description:
      name: file_picker
      url: "https://pub.dartlang.org"
    source: hosted
    version: "1.6.2"
  fixnum:
    dependency: transitive
    description:
      name: fixnum
      url: "https://pub.dartlang.org"
    source: hosted
    version: "0.10.11"
  flutter:
    dependency: "direct main"
    description: flutter
    source: sdk
    version: "0.0.0"
  flutter_async_utils:
    dependency: "direct main"
    description:
      path: "."
      ref: b452a5be869fb4f824a20e930cc1756eea6ca90e
      resolved-ref: b452a5be869fb4f824a20e930cc1756eea6ca90e
      url: "https://github.com/hpoul/flutter_async_utils.git"
    source: git
    version: "0.0.1"
  flutter_colorpicker:
    dependency: "direct main"
    description:
      name: flutter_colorpicker
      url: "https://pub.dartlang.org"
    source: hosted
    version: "0.2.6"
  flutter_email_sender:
    dependency: "direct main"
    description:
      name: flutter_email_sender
      url: "https://pub.dartlang.org"
    source: hosted
    version: "3.0.1"
  flutter_plugin_android_lifecycle:
    dependency: transitive
    description:
      name: flutter_plugin_android_lifecycle
      url: "https://pub.dartlang.org"
    source: hosted
    version: "1.0.6"
  flutter_speed_dial:
    dependency: "direct main"
    description:
      name: flutter_speed_dial
      url: "https://pub.dartlang.org"
    source: hosted
    version: "1.2.5"
  flutter_svg:
    dependency: "direct main"
    description:
      name: flutter_svg
      url: "https://pub.dartlang.org"
    source: hosted
    version: "0.16.1"
  flutter_test:
    dependency: "direct dev"
    description: flutter
    source: sdk
    version: "0.0.0"
  flutter_web_plugins:
    dependency: transitive
    description: flutter
    source: sdk
    version: "0.0.0"
  font_awesome_flutter:
    dependency: "direct main"
    description:
      name: font_awesome_flutter
      url: "https://pub.dartlang.org"
    source: hosted
    version: "8.8.1"
  glob:
    dependency: transitive
    description:
      name: glob
      url: "https://pub.dartlang.org"
    source: hosted
    version: "1.2.0"
  googleapis:
    dependency: "direct main"
    description:
      name: googleapis
      url: "https://pub.dartlang.org"
    source: hosted
    version: "0.54.0"
  googleapis_auth:
    dependency: "direct main"
    description:
      name: googleapis_auth
      url: "https://pub.dartlang.org"
    source: hosted
    version: "0.2.11+1"
  graphs:
    dependency: transitive
    description:
      name: graphs
      url: "https://pub.dartlang.org"
    source: hosted
    version: "0.2.0"
  html:
    dependency: transitive
    description:
      name: html
      url: "https://pub.dartlang.org"
    source: hosted
    version: "0.14.0+3"
  http:
    dependency: "direct main"
    description:
      name: http
      url: "https://pub.dartlang.org"
    source: hosted
    version: "0.12.0+4"
  http_auth:
    dependency: "direct main"
    description:
      name: http_auth
      url: "https://pub.dartlang.org"
    source: hosted
    version: "0.2.9"
  http_multi_server:
    dependency: transitive
    description:
      name: http_multi_server
      url: "https://pub.dartlang.org"
    source: hosted
    version: "2.2.0"
  http_parser:
    dependency: transitive
    description:
      name: http_parser
      url: "https://pub.dartlang.org"
    source: hosted
    version: "3.1.3"
  image:
    dependency: transitive
    description:
      name: image
      url: "https://pub.dartlang.org"
    source: hosted
    version: "2.1.12"
  intl:
    dependency: "direct main"
    description:
      name: intl
      url: "https://pub.dartlang.org"
    source: hosted
    version: "0.16.1"
  io:
    dependency: transitive
    description:
      name: io
      url: "https://pub.dartlang.org"
    source: hosted
    version: "0.3.3"
  isolate:
    dependency: "direct main"
    description:
      name: isolate
      url: "https://pub.dartlang.org"
    source: hosted
    version: "2.0.3"
  js:
    dependency: transitive
    description:
      name: js
      url: "https://pub.dartlang.org"
    source: hosted
    version: "0.6.1+1"
  json_annotation:
    dependency: "direct main"
    description:
      name: json_annotation
      url: "https://pub.dartlang.org"
    source: hosted
    version: "3.0.1"
  json_serializable:
    dependency: "direct dev"
    description:
      name: json_serializable
      url: "https://pub.dartlang.org"
    source: hosted
    version: "3.2.5"
  kdbx:
    dependency: "direct main"
    description:
      path: "../deps/kdbx.dart"
      relative: true
    source: path
    version: "0.3.0"
  logging:
    dependency: "direct main"
    description:
      name: logging
      url: "https://pub.dartlang.org"
    source: hosted
    version: "0.11.4"
  logging_appenders:
    dependency: "direct main"
    description:
      name: logging_appenders
      url: "https://pub.dartlang.org"
    source: hosted
    version: "0.4.1"
  macos_secure_bookmarks:
    dependency: "direct main"
    description:
      name: macos_secure_bookmarks
      url: "https://pub.dartlang.org"
    source: hosted
    version: "0.1.0+1"
  matcher:
    dependency: transitive
    description:
      name: matcher
      url: "https://pub.dartlang.org"
    source: hosted
    version: "0.12.6"
  meta:
    dependency: "direct main"
    description:
      name: meta
      url: "https://pub.dartlang.org"
    source: hosted
    version: "1.1.8"
  mime:
    dependency: transitive
    description:
      name: mime
      url: "https://pub.dartlang.org"
    source: hosted
    version: "0.9.6+3"
  nested:
    dependency: transitive
    description:
      name: nested
      url: "https://pub.dartlang.org"
    source: hosted
    version: "0.0.4"
  node_interop:
    dependency: transitive
    description:
      name: node_interop
      url: "https://pub.dartlang.org"
    source: hosted
    version: "1.0.3"
  node_io:
    dependency: transitive
    description:
      name: node_io
      url: "https://pub.dartlang.org"
    source: hosted
    version: "1.0.1+2"
  oauth2:
    dependency: "direct main"
    description:
      path: "."
      ref: "508e542284733bbf0e0515d8ef0bbb5d39d47021"
      resolved-ref: "508e542284733bbf0e0515d8ef0bbb5d39d47021"
      url: "https://github.com/authpass/oauth2.git"
    source: git
    version: "1.3.0"
  otp:
    dependency: "direct main"
    description:
      name: otp
      url: "https://pub.dartlang.org"
    source: hosted
    version: "2.1.0"
  package_config:
    dependency: transitive
    description:
      name: package_config
      url: "https://pub.dartlang.org"
    source: hosted
    version: "1.9.2"
  package_info:
    dependency: "direct main"
    description:
      path: "packages/package_info"
      ref: package_info_macos
      resolved-ref: "301a6847c4ea078127ec49750ed76c0e2fdbdc5d"
      url: "https://github.com/hpoul/plugins.git"
    source: git
    version: "0.4.1"
  package_resolver:
    dependency: transitive
    description:
      name: package_resolver
      url: "https://pub.dartlang.org"
    source: hosted
    version: "1.0.10"
  path:
    dependency: transitive
    description:
      name: path
      url: "https://pub.dartlang.org"
    source: hosted
    version: "1.6.4"
  path_drawing:
    dependency: transitive
    description:
      name: path_drawing
      url: "https://pub.dartlang.org"
    source: hosted
    version: "0.4.1"
  path_parsing:
    dependency: transitive
    description:
      name: path_parsing
      url: "https://pub.dartlang.org"
    source: hosted
    version: "0.1.4"
  path_provider:
    dependency: "direct main"
    description:
      name: path_provider
      url: "https://pub.dartlang.org"
    source: hosted
    version: "1.6.5"
  path_provider_macos:
    dependency: "direct main"
    description:
      name: path_provider_macos
      url: "https://pub.dartlang.org"
    source: hosted
    version: "0.0.4"
  path_provider_platform_interface:
    dependency: transitive
    description:
      name: path_provider_platform_interface
      url: "https://pub.dartlang.org"
    source: hosted
    version: "1.0.1"
  pedantic:
    dependency: "direct main"
    description:
      name: pedantic
      url: "https://pub.dartlang.org"
    source: hosted
    version: "1.9.0"
  percent_indicator:
    dependency: "direct main"
    description:
      name: percent_indicator
      url: "https://pub.dartlang.org"
    source: hosted
    version: "2.1.3"
  petitparser:
    dependency: "direct overridden"
    description:
      name: petitparser
      url: "https://pub.dartlang.org"
    source: hosted
    version: "3.0.1"
  platform:
    dependency: transitive
    description:
      name: platform
      url: "https://pub.dartlang.org"
    source: hosted
    version: "2.2.1"
  plugin_platform_interface:
    dependency: transitive
    description:
      name: plugin_platform_interface
      url: "https://pub.dartlang.org"
    source: hosted
    version: "1.0.2"
  pointycastle:
    dependency: "direct overridden"
    description:
      path: "."
      ref: "73dea5d9d441da30bd2c99adc16e5bf98d6c2a43"
      resolved-ref: "73dea5d9d441da30bd2c99adc16e5bf98d6c2a43"
      url: "https://github.com/authpass/pointycastle.git"
    source: git
    version: "1.0.2"
  pool:
    dependency: transitive
    description:
      name: pool
      url: "https://pub.dartlang.org"
    source: hosted
    version: "1.4.0"
  prompts:
    dependency: transitive
    description:
      name: prompts
      url: "https://pub.dartlang.org"
    source: hosted
    version: "1.3.1"
  provider:
    dependency: "direct main"
    description:
      name: provider
      url: "https://pub.dartlang.org"
    source: hosted
    version: "4.0.4"
  pub_semver:
    dependency: transitive
    description:
      name: pub_semver
      url: "https://pub.dartlang.org"
    source: hosted
    version: "1.4.4"
  pubspec_parse:
    dependency: transitive
    description:
      name: pubspec_parse
      url: "https://pub.dartlang.org"
    source: hosted
    version: "0.1.5"
  qr:
    dependency: transitive
    description:
      name: qr
      url: "https://pub.dartlang.org"
    source: hosted
    version: "1.2.0"
  qr_flutter:
    dependency: "direct main"
    description:
      name: qr_flutter
      url: "https://pub.dartlang.org"
    source: hosted
    version: "3.2.0"
  quick_log:
    dependency: transitive
    description:
      name: quick_log
      url: "https://pub.dartlang.org"
    source: hosted
    version: "0.4.0"
  quiver:
    dependency: "direct main"
    description:
      name: quiver
      url: "https://pub.dartlang.org"
    source: hosted
    version: "2.1.3"
  rxdart:
    dependency: "direct main"
    description:
      name: rxdart
      url: "https://pub.dartlang.org"
    source: hosted
    version: "0.23.1"
  shelf:
    dependency: transitive
    description:
      name: shelf
      url: "https://pub.dartlang.org"
    source: hosted
    version: "0.7.5"
  shelf_web_socket:
    dependency: transitive
    description:
      name: shelf_web_socket
      url: "https://pub.dartlang.org"
    source: hosted
    version: "0.2.3"
  simple_form_field_validator:
    dependency: "direct main"
    description:
      path: "packages/simple_form_field_validator"
      ref: "4c65f09005a1086525ebe2ae004eccdc2dd56fe1"
      resolved-ref: "4c65f09005a1086525ebe2ae004eccdc2dd56fe1"
      url: "https://github.com/hpoul/flutter_utils.git"
    source: git
    version: "0.0.1"
  simple_json_persistence:
    dependency: "direct main"
    description:
      name: simple_json_persistence
      url: "https://pub.dartlang.org"
    source: hosted
    version: "0.2.0"
  sky_engine:
    dependency: transitive
    description: flutter
    source: sdk
    version: "0.0.99"
  source_gen:
    dependency: transitive
    description:
      name: source_gen
      url: "https://pub.dartlang.org"
    source: hosted
    version: "0.9.5"
  source_span:
    dependency: transitive
    description:
      name: source_span
      url: "https://pub.dartlang.org"
    source: hosted
    version: "1.7.0"
  stack_trace:
    dependency: transitive
    description:
      name: stack_trace
      url: "https://pub.dartlang.org"
    source: hosted
    version: "1.9.3"
  stream_channel:
    dependency: transitive
    description:
      name: stream_channel
      url: "https://pub.dartlang.org"
    source: hosted
    version: "2.0.0"
  stream_transform:
    dependency: transitive
    description:
      name: stream_transform
      url: "https://pub.dartlang.org"
    source: hosted
    version: "1.2.0"
  string_scanner:
    dependency: transitive
    description:
      name: string_scanner
      url: "https://pub.dartlang.org"
    source: hosted
    version: "1.0.5"
  term_glyph:
    dependency: transitive
    description:
      name: term_glyph
      url: "https://pub.dartlang.org"
    source: hosted
    version: "1.1.0"
  test_api:
    dependency: transitive
    description:
      name: test_api
      url: "https://pub.dartlang.org"
    source: hosted
    version: "0.2.15"
  timing:
    dependency: transitive
    description:
      name: timing
      url: "https://pub.dartlang.org"
    source: hosted
    version: "0.1.1+2"
  tuple:
    dependency: "direct main"
    description:
      name: tuple
      url: "https://pub.dartlang.org"
    source: hosted
    version: "1.0.3"
  typed_data:
    dependency: transitive
    description:
      name: typed_data
      url: "https://pub.dartlang.org"
    source: hosted
    version: "1.1.6"
  url_launcher:
    dependency: "direct main"
    description:
      name: url_launcher
      url: "https://pub.dartlang.org"
    source: hosted
    version: "5.4.2"
  url_launcher_macos:
    dependency: transitive
    description:
      name: url_launcher_macos
      url: "https://pub.dartlang.org"
    source: hosted
    version: "0.0.1+4"
  url_launcher_platform_interface:
    dependency: transitive
    description:
      name: url_launcher_platform_interface
      url: "https://pub.dartlang.org"
    source: hosted
    version: "1.0.6"
  url_launcher_web:
    dependency: transitive
    description:
      name: url_launcher_web
      url: "https://pub.dartlang.org"
    source: hosted
    version: "0.1.1+1"
  usage:
    dependency: "direct main"
    description:
      path: "."
      ref: custom-user-agent
      resolved-ref: "748be41f1801916bcfcc651f972763cd48596bce"
      url: "https://github.com/hpoul/usage.git"
    source: git
    version: "3.4.1"
  uuid:
    dependency: "direct main"
    description:
      name: uuid
      url: "https://pub.dartlang.org"
    source: hosted
    version: "2.0.4"
  vector_math:
    dependency: transitive
    description:
      name: vector_math
      url: "https://pub.dartlang.org"
    source: hosted
    version: "2.0.8"
  watcher:
    dependency: transitive
    description:
      name: watcher
      url: "https://pub.dartlang.org"
    source: hosted
    version: "0.9.7+14"
  web_socket_channel:
    dependency: transitive
    description:
      name: web_socket_channel
      url: "https://pub.dartlang.org"
    source: hosted
    version: "1.1.0"
  xml:
    dependency: "direct overridden"
    description:
      name: xml
      url: "https://pub.dartlang.org"
    source: hosted
    version: "3.7.0"
  yaml:
    dependency: transitive
    description:
      name: yaml
      url: "https://pub.dartlang.org"
    source: hosted
    version: "2.2.0"
sdks:
  dart: ">=2.7.0 <3.0.0"
  flutter: ">=1.12.13+hotfix.5 <2.0.0"
