// !$*UTF8*$!
{
	archiveVersion = 1;
	classes = {
	};
	objectVersion = 54;
	objects = {

/* Begin PBXBuildFile section */
		03CD4BDC9CEBF816A0A23655 /* Flutter.xcframework in Frameworks */ = {isa = PBXBuildFile; fileRef = CCA4843EB64E9C3363DD7EDF /* Flutter.xcframework */; settings = {ATTRIBUTES = (Required, ); }; };
		1498D2341E8E89220040F4C2 /* GeneratedPluginRegistrant.m in Sources */ = {isa = PBXBuildFile; fileRef = 1498D2331E8E89220040F4C2 /* GeneratedPluginRegistrant.m */; };
		1AEF507FFDD376C02C5F4900 /* CredentialListViewController.swift in Sources */ = {isa = PBXBuildFile; fileRef = 67C6A2A7C51FFAAEED6FD492 /* CredentialListViewController.swift */; };
		2573F3266D0E36E813D98417 /* AutofillVaultStore.swift in Sources */ = {isa = PBXBuildFile; fileRef = 541FE0106D55B4B595AF566D /* AutofillVaultStore.swift */; };
		3B3967161E833CAA004F5970 /* AppFrameworkInfo.plist in Resources */ = {isa = PBXBuildFile; fileRef = 3B3967151E833CAA004F5970 /* AppFrameworkInfo.plist */; };
		498EF96B4D188EFC44E11E38 /* App.xcframework in Embed Frameworks */ = {isa = PBXBuildFile; fileRef = 395947805F2E9423148AFE82 /* App.xcframework */; settings = {ATTRIBUTES = (CodeSignOnCopy, RemoveHeadersOnCopy, ); }; };
		4A5F1DD039050A88EEA23860 /* AutofillEngine.swift in Sources */ = {isa = PBXBuildFile; fileRef = A241EC0D3B2E8F81B72C89A9 /* AutofillEngine.swift */; };
		52E8D926373FBB6782547F31 /* CredentialListViewController.swift in Sources */ = {isa = PBXBuildFile; fileRef = F0E19B5255B761E1DCA90022 /* CredentialListViewController.swift */; };
		5B004DC9D7186A3ED98640F0 /* AuthPassAutofill.appex in Embed App Extensions */ = {isa = PBXBuildFile; fileRef = 2A6E0CAE63627C1CC163A457 /* AuthPassAutofill.appex */; settings = {ATTRIBUTES = (RemoveHeadersOnCopy, ); }; };
		74858FAF1ED2DC5600515810 /* AppDelegate.swift in Sources */ = {isa = PBXBuildFile; fileRef = 74858FAE1ED2DC5600515810 /* AppDelegate.swift */; };
		78A318202AECB46A00862997 /* FlutterGeneratedPluginSwiftPackage in Frameworks */ = {isa = PBXBuildFile; productRef = 78A3181F2AECB46A00862997 /* FlutterGeneratedPluginSwiftPackage */; };
		84000C0CEF2568A66E3720B0 /* Foundation.framework in Frameworks */ = {isa = PBXBuildFile; fileRef = 87C51697E110D4FFDFEA002A /* Foundation.framework */; };
		8471E6E7748FC9673AD07895 /* AutofillEngine.swift in Sources */ = {isa = PBXBuildFile; fileRef = 9E0B5B52E44F4671E881C0A0 /* AutofillEngine.swift */; };
		856BBF48F383A75132C8577A /* Flutter.xcframework in Embed Frameworks */ = {isa = PBXBuildFile; fileRef = CCA4843EB64E9C3363DD7EDF /* Flutter.xcframework */; settings = {ATTRIBUTES = (CodeSignOnCopy, RemoveHeadersOnCopy, ); }; };
		89065F04E9997DB7CBA3ADD0 /* AutofillIdentityChannel.swift in Sources */ = {isa = PBXBuildFile; fileRef = 67F19E1041A9BD3CFFA78CBC /* AutofillIdentityChannel.swift */; };
		8D31020EE9E82DEFCD0997D1 /* ConfigurationViewController.swift in Sources */ = {isa = PBXBuildFile; fileRef = 7772DB31E1F171C6F4D7AB18 /* ConfigurationViewController.swift */; };
		9448855FEBBF16E4DFCCC59A /* Foundation.framework in Frameworks */ = {isa = PBXBuildFile; fileRef = 87C51697E110D4FFDFEA002A /* Foundation.framework */; };
		9740EEB41CF90195004384FC /* Debug.xcconfig in Resources */ = {isa = PBXBuildFile; fileRef = 9740EEB21CF90195004384FC /* Debug.xcconfig */; };
		9757C218BFC904FCDF43FB10 /* CredentialProviderViewController.swift in Sources */ = {isa = PBXBuildFile; fileRef = 384229ABC9749F445648EB28 /* CredentialProviderViewController.swift */; };
		97C146FC1CF9000F007C117D /* Main.storyboard in Resources */ = {isa = PBXBuildFile; fileRef = 97C146FA1CF9000F007C117D /* Main.storyboard */; };
		97C146FE1CF9000F007C117D /* Assets.xcassets in Resources */ = {isa = PBXBuildFile; fileRef = 97C146FD1CF9000F007C117D /* Assets.xcassets */; };
		97C147011CF9000F007C117D /* LaunchScreen.storyboard in Resources */ = {isa = PBXBuildFile; fileRef = 97C146FF1CF9000F007C117D /* LaunchScreen.storyboard */; };
		9B3A2A91C94074DC1C351285 /* App.xcframework in Frameworks */ = {isa = PBXBuildFile; fileRef = 395947805F2E9423148AFE82 /* App.xcframework */; settings = {ATTRIBUTES = (Required, ); }; };
		AA5E781A84B3135920B20A11 /* Pods_Runner.framework in Frameworks */ = {isa = PBXBuildFile; fileRef = D4329060BC21FFA1174F57E1 /* Pods_Runner.framework */; };
		BD572EBBBD27E9141B1FA0D5 /* CredentialProviderViewController.swift in Sources */ = {isa = PBXBuildFile; fileRef = 5392D88C7169140A36128C1D /* CredentialProviderViewController.swift */; };
		C8C3458E996224A3EBF1BA9A /* Flutter.xcframework in Frameworks */ = {isa = PBXBuildFile; fileRef = 1CEF578A4FC17D2FF2EC3791 /* Flutter.xcframework */; settings = {ATTRIBUTES = (Required, ); }; };
		D1005AA9DE6DD91DB3C53342 /* ConfigurationViewController.swift in Sources */ = {isa = PBXBuildFile; fileRef = 9213AFA778C38DD79EB87892 /* ConfigurationViewController.swift */; };
		D3C4D0D821292A9FA5E2D785 /* AutofillApp.xcframework in Embed Autofill Module Frameworks */ = {isa = PBXBuildFile; fileRef = 4037F226EA87BA1F0EDBE455 /* AutofillApp.xcframework */; settings = {ATTRIBUTES = (CodeSignOnCopy, RemoveHeadersOnCopy, ); }; };
		E55B41AE95146FEC30E74FEA /* FlutterExt.xcframework in Embed Autofill Module Frameworks */ = {isa = PBXBuildFile; fileRef = 93363A5880C5D2696E775D1D /* FlutterExt.xcframework */; settings = {ATTRIBUTES = (CodeSignOnCopy, RemoveHeadersOnCopy, ); }; };
		E59625BE2451A984004DE975 /* kdbx_doc_type.png in Resources */ = {isa = PBXBuildFile; fileRef = E59625BD2451A7C1004DE975 /* kdbx_doc_type.png */; };
		E59625C02451AD45004DE975 /* AuthPassMacLogo.svg in Resources */ = {isa = PBXBuildFile; fileRef = E59625BF2451AD45004DE975 /* AuthPassMacLogo.svg */; };
		FC1CAF6F2539457D6AE032AB /* AutofillVaultStore.swift in Sources */ = {isa = PBXBuildFile; fileRef = 0E143119754195B6960A9795 /* AutofillVaultStore.swift */; };
/* End PBXBuildFile section */

/* Begin PBXContainerItemProxy section */
		4FEE413F563C9FB39FEC8691 /* PBXContainerItemProxy */ = {
			isa = PBXContainerItemProxy;
			containerPortal = 97C146E61CF9000F007C117D /* Project object */;
			proxyType = 1;
			remoteGlobalIDString = 271FA6F69DF1F7B22245FE1F;
			remoteInfo = AuthPassAutofill;
		};
		F2EFFEF20A1C5AD8C99F7A5D /* PBXContainerItemProxy */ = {
			isa = PBXContainerItemProxy;
			containerPortal = 97C146E61CF9000F007C117D /* Project object */;
			proxyType = 1;
			remoteGlobalIDString = 7CB272827ED27F20B3EDCD42;
			remoteInfo = AuthPassAutofill;
		};
/* End PBXContainerItemProxy section */

/* Begin PBXCopyFilesBuildPhase section */
		9705A1C41CF9048500538489 /* Embed Frameworks */ = {
			isa = PBXCopyFilesBuildPhase;
			buildActionMask = 2147483647;
			dstPath = "";
			dstSubfolderSpec = 10;
			files = (
			);
			name = "Embed Frameworks";
			runOnlyForDeploymentPostprocessing = 0;
		};
		C76A97F1EBA02955790C49FF /* Embed Autofill Module Frameworks */ = {
			isa = PBXCopyFilesBuildPhase;
			buildActionMask = 2147483647;
			dstPath = "";
			dstSubfolderSpec = 10;
			files = (
				E55B41AE95146FEC30E74FEA /* FlutterExt.xcframework in Embed Autofill Module Frameworks */,
				D3C4D0D821292A9FA5E2D785 /* AutofillApp.xcframework in Embed Autofill Module Frameworks */,
			);
			name = "Embed Autofill Module Frameworks";
			runOnlyForDeploymentPostprocessing = 0;
		};
		D4ED5023ED844AA407274FEE /* Embed App Extensions */ = {
			isa = PBXCopyFilesBuildPhase;
			buildActionMask = 2147483647;
			dstPath = "";
			dstSubfolderSpec = 13;
			files = (
				5B004DC9D7186A3ED98640F0 /* AuthPassAutofill.appex in Embed App Extensions */,
			);
			name = "Embed App Extensions";
			runOnlyForDeploymentPostprocessing = 0;
		};
/* End PBXCopyFilesBuildPhase section */

/* Begin PBXFileReference section */
		0E143119754195B6960A9795 /* AutofillVaultStore.swift */ = {isa = PBXFileReference; includeInIndex = 1; lastKnownFileType = sourcecode.swift; path = AutofillVaultStore.swift; sourceTree = "<group>"; };
		1498D2321E8E86230040F4C2 /* GeneratedPluginRegistrant.h */ = {isa = PBXFileReference; lastKnownFileType = sourcecode.c.h; path = GeneratedPluginRegistrant.h; sourceTree = "<group>"; };
		1498D2331E8E89220040F4C2 /* GeneratedPluginRegistrant.m */ = {isa = PBXFileReference; fileEncoding = 4; lastKnownFileType = sourcecode.c.objc; path = GeneratedPluginRegistrant.m; sourceTree = "<group>"; };
		1CA10E5B9FB74A5128907A12 /* AuthPassAutofill.appex */ = {isa = PBXFileReference; explicitFileType = "wrapper.app-extension"; includeInIndex = 0; path = AuthPassAutofill.appex; sourceTree = BUILT_PRODUCTS_DIR; };
		1CEF578A4FC17D2FF2EC3791 /* Flutter.xcframework */ = {isa = PBXFileReference; includeInIndex = 1; path = Flutter.xcframework; sourceTree = "<group>"; };
		27BF7ED4D0D8FCB8DAB793D6 /* AuthPassAutofill.appex */ = {isa = PBXFileReference; explicitFileType = "wrapper.app-extension"; includeInIndex = 0; path = AuthPassAutofill.appex; sourceTree = BUILT_PRODUCTS_DIR; };
		2A6E0CAE63627C1CC163A457 /* AuthPassAutofill.appex */ = {isa = PBXFileReference; explicitFileType = "wrapper.app-extension"; includeInIndex = 0; path = AuthPassAutofill.appex; sourceTree = BUILT_PRODUCTS_DIR; };
		2C723ED8C2EF39D111B7295A /* AuthPassAutofill.appex */ = {isa = PBXFileReference; explicitFileType = "wrapper.app-extension"; includeInIndex = 0; path = AuthPassAutofill.appex; sourceTree = BUILT_PRODUCTS_DIR; };
		37FD70692071B376928692CE /* Info.plist */ = {isa = PBXFileReference; includeInIndex = 1; lastKnownFileType = text.plist.xml; path = Info.plist; sourceTree = "<group>"; };
		384229ABC9749F445648EB28 /* CredentialProviderViewController.swift */ = {isa = PBXFileReference; includeInIndex = 1; lastKnownFileType = sourcecode.swift; path = CredentialProviderViewController.swift; sourceTree = "<group>"; };
		395947805F2E9423148AFE82 /* App.xcframework */ = {isa = PBXFileReference; includeInIndex = 1; path = App.xcframework; sourceTree = "<group>"; };
		3B3967151E833CAA004F5970 /* AppFrameworkInfo.plist */ = {isa = PBXFileReference; fileEncoding = 4; lastKnownFileType = text.plist.xml; name = AppFrameworkInfo.plist; path = Flutter/AppFrameworkInfo.plist; sourceTree = "<group>"; };
		4037F226EA87BA1F0EDBE455 /* AutofillApp.xcframework */ = {isa = PBXFileReference; includeInIndex = 1; path = AutofillApp.xcframework; sourceTree = "<group>"; };
		4185C63B2A976DCEA183DB7F /* AuthPassAutofill.appex */ = {isa = PBXFileReference; explicitFileType = "wrapper.app-extension"; includeInIndex = 0; path = AuthPassAutofill.appex; sourceTree = BUILT_PRODUCTS_DIR; };
		45D5180FD22088BF17387870 /* AuthPassAutofill.appex */ = {isa = PBXFileReference; explicitFileType = "wrapper.app-extension"; includeInIndex = 0; path = AuthPassAutofill.appex; sourceTree = BUILT_PRODUCTS_DIR; };
		5392D88C7169140A36128C1D /* CredentialProviderViewController.swift */ = {isa = PBXFileReference; includeInIndex = 1; lastKnownFileType = sourcecode.swift; path = CredentialProviderViewController.swift; sourceTree = "<group>"; };
		541FE0106D55B4B595AF566D /* AutofillVaultStore.swift */ = {isa = PBXFileReference; includeInIndex = 1; lastKnownFileType = sourcecode.swift; path = AutofillVaultStore.swift; sourceTree = "<group>"; };
		67C6A2A7C51FFAAEED6FD492 /* CredentialListViewController.swift */ = {isa = PBXFileReference; includeInIndex = 1; lastKnownFileType = sourcecode.swift; path = CredentialListViewController.swift; sourceTree = "<group>"; };
		67F19E1041A9BD3CFFA78CBC /* AutofillIdentityChannel.swift */ = {isa = PBXFileReference; includeInIndex = 1; lastKnownFileType = sourcecode.swift; path = AutofillIdentityChannel.swift; sourceTree = "<group>"; };
		6B58E58EEE1A49B3952466A0 /* AuthPassAutofill.appex */ = {isa = PBXFileReference; explicitFileType = "wrapper.app-extension"; includeInIndex = 0; path = AuthPassAutofill.appex; sourceTree = BUILT_PRODUCTS_DIR; };
		74858FAD1ED2DC5600515810 /* Runner-Bridging-Header.h */ = {isa = PBXFileReference; lastKnownFileType = sourcecode.c.h; path = "Runner-Bridging-Header.h"; sourceTree = "<group>"; };
		74858FAE1ED2DC5600515810 /* AppDelegate.swift */ = {isa = PBXFileReference; fileEncoding = 4; lastKnownFileType = sourcecode.swift; path = AppDelegate.swift; sourceTree = "<group>"; };
		7772DB31E1F171C6F4D7AB18 /* ConfigurationViewController.swift */ = {isa = PBXFileReference; includeInIndex = 1; lastKnownFileType = sourcecode.swift; path = ConfigurationViewController.swift; sourceTree = "<group>"; };
		78E0A7A72DC9AD7400C4905E /* FlutterGeneratedPluginSwiftPackage */ = {isa = PBXFileReference; lastKnownFileType = wrapper; name = FlutterGeneratedPluginSwiftPackage; path = Flutter/ephemeral/Packages/FlutterGeneratedPluginSwiftPackage; sourceTree = "<group>"; };
		7AFA3C8E1D35360C0083082E /* Release.xcconfig */ = {isa = PBXFileReference; lastKnownFileType = text.xcconfig; name = Release.xcconfig; path = Flutter/Release.xcconfig; sourceTree = "<group>"; };
		87C51697E110D4FFDFEA002A /* Foundation.framework */ = {isa = PBXFileReference; lastKnownFileType = wrapper.framework; name = Foundation.framework; path = Platforms/iPhoneOS.platform/Developer/SDKs/iPhoneOS18.0.sdk/System/Library/Frameworks/Foundation.framework; sourceTree = DEVELOPER_DIR; };
		90C16A47E975946D5EACAFFF /* AuthPassAutofill.appex */ = {isa = PBXFileReference; explicitFileType = "wrapper.app-extension"; includeInIndex = 0; path = AuthPassAutofill.appex; sourceTree = BUILT_PRODUCTS_DIR; };
		9213AFA778C38DD79EB87892 /* ConfigurationViewController.swift */ = {isa = PBXFileReference; includeInIndex = 1; lastKnownFileType = sourcecode.swift; path = ConfigurationViewController.swift; sourceTree = "<group>"; };
		93363A5880C5D2696E775D1D /* FlutterExt.xcframework */ = {isa = PBXFileReference; includeInIndex = 1; path = FlutterExt.xcframework; sourceTree = "<group>"; };
		9740EEB21CF90195004384FC /* Debug.xcconfig */ = {isa = PBXFileReference; fileEncoding = 4; lastKnownFileType = text.xcconfig; name = Debug.xcconfig; path = Flutter/Debug.xcconfig; sourceTree = "<group>"; };
		9740EEB31CF90195004384FC /* Generated.xcconfig */ = {isa = PBXFileReference; fileEncoding = 4; lastKnownFileType = text.xcconfig; name = Generated.xcconfig; path = Flutter/Generated.xcconfig; sourceTree = "<group>"; };
		97C146EE1CF9000F007C117D /* Runner.app */ = {isa = PBXFileReference; explicitFileType = wrapper.application; includeInIndex = 0; path = Runner.app; sourceTree = BUILT_PRODUCTS_DIR; };
		97C146FB1CF9000F007C117D /* Base */ = {isa = PBXFileReference; lastKnownFileType = file.storyboard; name = Base; path = Base.lproj/Main.storyboard; sourceTree = "<group>"; };
		97C146FD1CF9000F007C117D /* Assets.xcassets */ = {isa = PBXFileReference; lastKnownFileType = folder.assetcatalog; path = Assets.xcassets; sourceTree = "<group>"; };
		97C147001CF9000F007C117D /* Base */ = {isa = PBXFileReference; lastKnownFileType = file.storyboard; name = Base; path = Base.lproj/LaunchScreen.storyboard; sourceTree = "<group>"; };
		97C147021CF9000F007C117D /* Info.plist */ = {isa = PBXFileReference; lastKnownFileType = text.plist.xml; path = Info.plist; sourceTree = "<group>"; };
		9AFE6ADD58E9F268BCF8512B /* Pods-Runner.profile.xcconfig */ = {isa = PBXFileReference; includeInIndex = 1; lastKnownFileType = text.xcconfig; name = "Pods-Runner.profile.xcconfig"; path = "Target Support Files/Pods-Runner/Pods-Runner.profile.xcconfig"; sourceTree = "<group>"; };
		9E0B5B52E44F4671E881C0A0 /* AutofillEngine.swift */ = {isa = PBXFileReference; includeInIndex = 1; lastKnownFileType = sourcecode.swift; path = AutofillEngine.swift; sourceTree = "<group>"; };
		9F2D9413BE1DC777DC59A514 /* AuthPassAutofill.appex */ = {isa = PBXFileReference; explicitFileType = "wrapper.app-extension"; includeInIndex = 0; path = AuthPassAutofill.appex; sourceTree = BUILT_PRODUCTS_DIR; };
		A241EC0D3B2E8F81B72C89A9 /* AutofillEngine.swift */ = {isa = PBXFileReference; includeInIndex = 1; lastKnownFileType = sourcecode.swift; path = AutofillEngine.swift; sourceTree = "<group>"; };
		AF2F82BCB1CDEC99A5038F6D /* AuthPassAutofill.appex */ = {isa = PBXFileReference; explicitFileType = "wrapper.app-extension"; includeInIndex = 0; path = AuthPassAutofill.appex; sourceTree = BUILT_PRODUCTS_DIR; };
		C428A4F820EE9218DE907507 /* Pods-Runner.debug.xcconfig */ = {isa = PBXFileReference; includeInIndex = 1; lastKnownFileType = text.xcconfig; name = "Pods-Runner.debug.xcconfig"; path = "Target Support Files/Pods-Runner/Pods-Runner.debug.xcconfig"; sourceTree = "<group>"; };
		CA7DA9F2D5C85EB0DE3E48CB /* Pods-Runner.release.xcconfig */ = {isa = PBXFileReference; includeInIndex = 1; lastKnownFileType = text.xcconfig; name = "Pods-Runner.release.xcconfig"; path = "Target Support Files/Pods-Runner/Pods-Runner.release.xcconfig"; sourceTree = "<group>"; };
		CCA4843EB64E9C3363DD7EDF /* Flutter.xcframework */ = {isa = PBXFileReference; includeInIndex = 1; path = Flutter.xcframework; sourceTree = "<group>"; };
		D4329060BC21FFA1174F57E1 /* Pods_Runner.framework */ = {isa = PBXFileReference; explicitFileType = wrapper.framework; includeInIndex = 0; path = Pods_Runner.framework; sourceTree = BUILT_PRODUCTS_DIR; };
		DA4A1F5139B93672CF7292A1 /* AuthPassAutofill.entitlements */ = {isa = PBXFileReference; includeInIndex = 1; lastKnownFileType = text.plist.entitlements; path = AuthPassAutofill.entitlements; sourceTree = "<group>"; };
		E59625BD2451A7C1004DE975 /* kdbx_doc_type.png */ = {isa = PBXFileReference; lastKnownFileType = image.png; path = kdbx_doc_type.png; sourceTree = "<group>"; };
		E59625BF2451AD45004DE975 /* AuthPassMacLogo.svg */ = {isa = PBXFileReference; fileEncoding = 4; lastKnownFileType = text.xml; path = AuthPassMacLogo.svg; sourceTree = "<group>"; };
		E5B5D0C42324499200121CB9 /* Runner.entitlements */ = {isa = PBXFileReference; lastKnownFileType = text.plist.entitlements; path = Runner.entitlements; sourceTree = "<group>"; };
		F0E19B5255B761E1DCA90022 /* CredentialListViewController.swift */ = {isa = PBXFileReference; includeInIndex = 1; lastKnownFileType = sourcecode.swift; path = CredentialListViewController.swift; sourceTree = "<group>"; };
		FAC85194FE5F66E87A1D9A60 /* AuthPassAutofill.appex */ = {isa = PBXFileReference; explicitFileType = "wrapper.app-extension"; includeInIndex = 0; path = AuthPassAutofill.appex; sourceTree = BUILT_PRODUCTS_DIR; };
/* End PBXFileReference section */

/* Begin PBXFrameworksBuildPhase section */
		67BA8A4B9B538121E17B2993 /* Frameworks */ = {
			isa = PBXFrameworksBuildPhase;
			buildActionMask = 2147483647;
			files = (
				9448855FEBBF16E4DFCCC59A /* Foundation.framework in Frameworks */,
				C8C3458E996224A3EBF1BA9A /* Flutter.xcframework in Frameworks */,
			);
			runOnlyForDeploymentPostprocessing = 0;
		};
		97C146EB1CF9000F007C117D /* Frameworks */ = {
			isa = PBXFrameworksBuildPhase;
			buildActionMask = 2147483647;
			files = (
				78A318202AECB46A00862997 /* FlutterGeneratedPluginSwiftPackage in Frameworks */,
				AA5E781A84B3135920B20A11 /* Pods_Runner.framework in Frameworks */,
			);
			runOnlyForDeploymentPostprocessing = 0;
		};
/* End PBXFrameworksBuildPhase section */

/* Begin PBXGroup section */
		0DC1DCDFC57163EF4938E5A2 /* Frameworks */ = {
			isa = PBXGroup;
			children = (
				D4329060BC21FFA1174F57E1 /* Pods_Runner.framework */,
				39DB363BAB9196479143AE8E /* iOS */,
			);
			name = Frameworks;
			sourceTree = "<group>";
		};
		3057B0E0BD74E6F8E9315F4B /* AuthPassAutofill */ = {
			isa = PBXGroup;
			children = (
				A241EC0D3B2E8F81B72C89A9 /* AutofillEngine.swift */,
				0E143119754195B6960A9795 /* AutofillVaultStore.swift */,
				7772DB31E1F171C6F4D7AB18 /* ConfigurationViewController.swift */,
				F0E19B5255B761E1DCA90022 /* CredentialListViewController.swift */,
				384229ABC9749F445648EB28 /* CredentialProviderViewController.swift */,
				37FD70692071B376928692CE /* Info.plist */,
				DA4A1F5139B93672CF7292A1 /* AuthPassAutofill.entitlements */,
			);
			name = AuthPassAutofill;
			path = AuthPassAutofill;
			sourceTree = "<group>";
		};
		39DB363BAB9196479143AE8E /* iOS */ = {
			isa = PBXGroup;
			children = (
				87C51697E110D4FFDFEA002A /* Foundation.framework */,
			);
			name = iOS;
			sourceTree = "<group>";
		};
		9740EEB11CF90186004384FC /* Flutter */ = {
			isa = PBXGroup;
			children = (
				78E0A7A72DC9AD7400C4905E /* FlutterGeneratedPluginSwiftPackage */,
				3B3967151E833CAA004F5970 /* AppFrameworkInfo.plist */,
				9740EEB21CF90195004384FC /* Debug.xcconfig */,
				7AFA3C8E1D35360C0083082E /* Release.xcconfig */,
				9740EEB31CF90195004384FC /* Generated.xcconfig */,
			);
			name = Flutter;
			sourceTree = "<group>";
		};
		97C146E51CF9000F007C117D = {
			isa = PBXGroup;
			children = (
				9740EEB11CF90186004384FC /* Flutter */,
				97C146F01CF9000F007C117D /* Runner */,
				97C146EF1CF9000F007C117D /* Products */,
				9C9F7E3EC0F609A614F32C90 /* Pods */,
				0DC1DCDFC57163EF4938E5A2 /* Frameworks */,
				3057B0E0BD74E6F8E9315F4B /* AuthPassAutofill */,
				A15C8BBF9F2C5A9C76E822EB /* AutofillModuleFrameworks */,
			);
			sourceTree = "<group>";
		};
		97C146EF1CF9000F007C117D /* Products */ = {
			isa = PBXGroup;
			children = (
				97C146EE1CF9000F007C117D /* Runner.app */,
				27BF7ED4D0D8FCB8DAB793D6 /* AuthPassAutofill.appex */,
				6B58E58EEE1A49B3952466A0 /* AuthPassAutofill.appex */,
				2C723ED8C2EF39D111B7295A /* AuthPassAutofill.appex */,
				4185C63B2A976DCEA183DB7F /* AuthPassAutofill.appex */,
				45D5180FD22088BF17387870 /* AuthPassAutofill.appex */,
				FAC85194FE5F66E87A1D9A60 /* AuthPassAutofill.appex */,
				1CA10E5B9FB74A5128907A12 /* AuthPassAutofill.appex */,
				9F2D9413BE1DC777DC59A514 /* AuthPassAutofill.appex */,
				AF2F82BCB1CDEC99A5038F6D /* AuthPassAutofill.appex */,
				90C16A47E975946D5EACAFFF /* AuthPassAutofill.appex */,
				2A6E0CAE63627C1CC163A457 /* AuthPassAutofill.appex */,
			);
			name = Products;
			sourceTree = "<group>";
		};
		97C146F01CF9000F007C117D /* Runner */ = {
			isa = PBXGroup;
			children = (
				E5B5D0C42324499200121CB9 /* Runner.entitlements */,
				97C146FA1CF9000F007C117D /* Main.storyboard */,
				97C146FD1CF9000F007C117D /* Assets.xcassets */,
				97C146FF1CF9000F007C117D /* LaunchScreen.storyboard */,
				97C147021CF9000F007C117D /* Info.plist */,
				97C146F11CF9000F007C117D /* Supporting Files */,
				1498D2321E8E86230040F4C2 /* GeneratedPluginRegistrant.h */,
				1498D2331E8E89220040F4C2 /* GeneratedPluginRegistrant.m */,
				74858FAE1ED2DC5600515810 /* AppDelegate.swift */,
				74858FAD1ED2DC5600515810 /* Runner-Bridging-Header.h */,
				67F19E1041A9BD3CFFA78CBC /* AutofillIdentityChannel.swift */,
			);
			path = Runner;
			sourceTree = "<group>";
		};
		97C146F11CF9000F007C117D /* Supporting Files */ = {
			isa = PBXGroup;
			children = (
				E59625BF2451AD45004DE975 /* AuthPassMacLogo.svg */,
				E59625BD2451A7C1004DE975 /* kdbx_doc_type.png */,
			);
			name = "Supporting Files";
			sourceTree = "<group>";
		};
		9C9F7E3EC0F609A614F32C90 /* Pods */ = {
			isa = PBXGroup;
			children = (
				C428A4F820EE9218DE907507 /* Pods-Runner.debug.xcconfig */,
				CA7DA9F2D5C85EB0DE3E48CB /* Pods-Runner.release.xcconfig */,
				9AFE6ADD58E9F268BCF8512B /* Pods-Runner.profile.xcconfig */,
			);
			path = Pods;
			sourceTree = "<group>";
		};
		A15C8BBF9F2C5A9C76E822EB /* AutofillModuleFrameworks */ = {
			isa = PBXGroup;
			children = (
				1CEF578A4FC17D2FF2EC3791 /* Flutter.xcframework */,
				93363A5880C5D2696E775D1D /* FlutterExt.xcframework */,
				4037F226EA87BA1F0EDBE455 /* AutofillApp.xcframework */,
			);
			name = AutofillModuleFrameworks;
			path = ../../autofill_module/build/framework/current;
			sourceTree = "<group>";
		};
/* End PBXGroup section */

/* Begin PBXNativeTarget section */
		7CB272827ED27F20B3EDCD42 /* AuthPassAutofill */ = {
			isa = PBXNativeTarget;
			buildConfigurationList = 46F44F42ADD21B681471EA47 /* Build configuration list for PBXNativeTarget "AuthPassAutofill" */;
			buildPhases = (
				BE6844013D63772DCA064C72 /* Sources */,
				67BA8A4B9B538121E17B2993 /* Frameworks */,
				4BFCD8F01B66B0D814F87799 /* Resources */,
				DD754468B9CD07149DA14950 /* Repoint Flutter To FlutterExt */,
			);
			buildRules = (
			);
			dependencies = (
			);
			name = AuthPassAutofill;
			productName = AuthPassAutofill;
			productReference = 2A6E0CAE63627C1CC163A457 /* AuthPassAutofill.appex */;
			productType = "com.apple.product-type.app-extension";
		};
		97C146ED1CF9000F007C117D /* Runner */ = {
			isa = PBXNativeTarget;
			buildConfigurationList = 97C147051CF9000F007C117D /* Build configuration list for PBXNativeTarget "Runner" */;
			buildPhases = (
				89FC73C5ECCC08C50B320221 /* [CP] Check Pods Manifest.lock */,
				9740EEB61CF901F6004384FC /* Run Script */,
				97C146EA1CF9000F007C117D /* Sources */,
				97C146EB1CF9000F007C117D /* Frameworks */,
				97C146EC1CF9000F007C117D /* Resources */,
				D4ED5023ED844AA407274FEE /* Embed App Extensions */,
				C76A97F1EBA02955790C49FF /* Embed Autofill Module Frameworks */,
				9705A1C41CF9048500538489 /* Embed Frameworks */,
				3B06AD1E1E4923F5004D2608 /* Thin Binary */,
				667C1A4D4D6F3E2831A50A39 /* [CP] Embed Pods Frameworks */,
			);
			buildRules = (
			);
			dependencies = (
				406CF8AE6F32DB025DB5EDAB /* PBXTargetDependency */,
			);
			name = Runner;
			packageProductDependencies = (
				78A3181F2AECB46A00862997 /* FlutterGeneratedPluginSwiftPackage */,
			);
			productName = Runner;
			productReference = 97C146EE1CF9000F007C117D /* Runner.app */;
			productType = "com.apple.product-type.application";
		};
/* End PBXNativeTarget section */

/* Begin PBXProject section */
		97C146E61CF9000F007C117D /* Project object */ = {
			isa = PBXProject;
			attributes = {
				LastUpgradeCheck = 1510;
				ORGANIZATIONNAME = "The Chromium Authors";
				TargetAttributes = {
					97C146ED1CF9000F007C117D = {
						CreatedOnToolsVersion = 7.3.1;
						DevelopmentTeam = 64ZPC769JY;
						LastSwiftMigration = 0910;
						ProvisioningStyle = Automatic;
						SystemCapabilities = {
							com.apple.Push = {
								enabled = 1;
							};
						};
					};
				};
			};
			buildConfigurationList = 97C146E91CF9000F007C117D /* Build configuration list for PBXProject "Runner" */;
			compatibilityVersion = "Xcode 3.2";
			developmentRegion = en;
			hasScannedForEncodings = 0;
			knownRegions = (
				en,
				Base,
			);
			mainGroup = 97C146E51CF9000F007C117D;
			packageReferences = (
				781AD8BC2B33823900A9FFBB /* XCLocalSwiftPackageReference "FlutterGeneratedPluginSwiftPackage" */,
			);
			productRefGroup = 97C146EF1CF9000F007C117D /* Products */;
			projectDirPath = "";
			projectRoot = "";
			targets = (
				97C146ED1CF9000F007C117D /* Runner */,
				7CB272827ED27F20B3EDCD42 /* AuthPassAutofill */,
			);
		};
/* End PBXProject section */

/* Begin PBXResourcesBuildPhase section */
		4BFCD8F01B66B0D814F87799 /* Resources */ = {
			isa = PBXResourcesBuildPhase;
			buildActionMask = 2147483647;
			files = (
			);
			runOnlyForDeploymentPostprocessing = 0;
		};
		97C146EC1CF9000F007C117D /* Resources */ = {
			isa = PBXResourcesBuildPhase;
			buildActionMask = 2147483647;
			files = (
				97C147011CF9000F007C117D /* LaunchScreen.storyboard in Resources */,
				E59625C02451AD45004DE975 /* AuthPassMacLogo.svg in Resources */,
				3B3967161E833CAA004F5970 /* AppFrameworkInfo.plist in Resources */,
				9740EEB41CF90195004384FC /* Debug.xcconfig in Resources */,
				E59625BE2451A984004DE975 /* kdbx_doc_type.png in Resources */,
				97C146FE1CF9000F007C117D /* Assets.xcassets in Resources */,
				97C146FC1CF9000F007C117D /* Main.storyboard in Resources */,
			);
			runOnlyForDeploymentPostprocessing = 0;
		};
/* End PBXResourcesBuildPhase section */

/* Begin PBXShellScriptBuildPhase section */
		3B06AD1E1E4923F5004D2608 /* Thin Binary */ = {
			isa = PBXShellScriptBuildPhase;
			alwaysOutOfDate = 1;
			buildActionMask = 2147483647;
			files = (
			);
			inputPaths = (
				"${TARGET_BUILD_DIR}/${INFOPLIST_PATH}",
			);
			name = "Thin Binary";
			outputPaths = (
			);
			runOnlyForDeploymentPostprocessing = 0;
			shellPath = /bin/sh;
			shellScript = "/bin/sh \"$FLUTTER_ROOT/packages/flutter_tools/bin/xcode_backend.sh\" embed_and_thin";
		};
		667C1A4D4D6F3E2831A50A39 /* [CP] Embed Pods Frameworks */ = {
			isa = PBXShellScriptBuildPhase;
			buildActionMask = 2147483647;
			files = (
			);
			inputPaths = (
				"${PODS_ROOT}/Target Support Files/Pods-Runner/Pods-Runner-frameworks.sh",
				"${BUILT_PRODUCTS_DIR}/argon2_ffi/argon2_ffi.framework",
				"${BUILT_PRODUCTS_DIR}/autofill_service/autofill_service.framework",
				"${BUILT_PRODUCTS_DIR}/biometric_storage/biometric_storage.framework",
				"${BUILT_PRODUCTS_DIR}/file_picker_writable/file_picker_writable.framework",
				"${BUILT_PRODUCTS_DIR}/flutter_store_listing/flutter_store_listing.framework",
				"${BUILT_PRODUCTS_DIR}/open_file_ios/open_file_ios.framework",
			);
			name = "[CP] Embed Pods Frameworks";
			outputPaths = (
				"${TARGET_BUILD_DIR}/${FRAMEWORKS_FOLDER_PATH}/argon2_ffi.framework",
				"${TARGET_BUILD_DIR}/${FRAMEWORKS_FOLDER_PATH}/autofill_service.framework",
				"${TARGET_BUILD_DIR}/${FRAMEWORKS_FOLDER_PATH}/biometric_storage.framework",
				"${TARGET_BUILD_DIR}/${FRAMEWORKS_FOLDER_PATH}/file_picker_writable.framework",
				"${TARGET_BUILD_DIR}/${FRAMEWORKS_FOLDER_PATH}/flutter_store_listing.framework",
				"${TARGET_BUILD_DIR}/${FRAMEWORKS_FOLDER_PATH}/open_file_ios.framework",
			);
			runOnlyForDeploymentPostprocessing = 0;
			shellPath = /bin/sh;
			shellScript = "\"${PODS_ROOT}/Target Support Files/Pods-Runner/Pods-Runner-frameworks.sh\"\n";
			showEnvVarsInLog = 0;
		};
		89FC73C5ECCC08C50B320221 /* [CP] Check Pods Manifest.lock */ = {
			isa = PBXShellScriptBuildPhase;
			buildActionMask = 2147483647;
			files = (
			);
			inputFileListPaths = (
			);
			inputPaths = (
				"${PODS_PODFILE_DIR_PATH}/Podfile.lock",
				"${PODS_ROOT}/Manifest.lock",
			);
			name = "[CP] Check Pods Manifest.lock";
			outputFileListPaths = (
			);
			outputPaths = (
				"$(DERIVED_FILE_DIR)/Pods-Runner-checkManifestLockResult.txt",
			);
			runOnlyForDeploymentPostprocessing = 0;
			shellPath = /bin/sh;
			shellScript = "diff \"${PODS_PODFILE_DIR_PATH}/Podfile.lock\" \"${PODS_ROOT}/Manifest.lock\" > /dev/null\nif [ $? != 0 ] ; then\n    # print error to STDERR\n    echo \"error: The sandbox is not in sync with the Podfile.lock. Run 'pod install' or update your CocoaPods installation.\" >&2\n    exit 1\nfi\n# This output is used by Xcode 'outputs' to avoid re-running this script phase.\necho \"SUCCESS\" > \"${SCRIPT_OUTPUT_FILE_0}\"\n";
			showEnvVarsInLog = 0;
		};
		9740EEB61CF901F6004384FC /* Run Script */ = {
			isa = PBXShellScriptBuildPhase;
			alwaysOutOfDate = 1;
			buildActionMask = 2147483647;
			files = (
			);
			inputPaths = (
			);
			name = "Run Script";
			outputPaths = (
			);
			runOnlyForDeploymentPostprocessing = 0;
			shellPath = /bin/sh;
			shellScript = "/bin/sh \"$FLUTTER_ROOT/packages/flutter_tools/bin/xcode_backend.sh\" build\n";
		};
		DD754468B9CD07149DA14950 /* Repoint Flutter To FlutterExt */ = {
			isa = PBXShellScriptBuildPhase;
			buildActionMask = 2147483647;
			files = (
			);
			inputFileListPaths = (
			);
			inputPaths = (
			);
			name = "Repoint Flutter To FlutterExt";
			outputFileListPaths = (
			);
			outputPaths = (
			);
			runOnlyForDeploymentPostprocessing = 0;
			shellPath = /bin/bash;
			shellScript = "# Written by add_autofill_target.rb. See build_ios_framework.sh for why the\n# embedded engine is renamed at all.\nset -euo pipefail\nbinary=\"${TARGET_BUILD_DIR}/${EXECUTABLE_PATH}\"\ninstall_name_tool -change \\\n  @rpath/Flutter.framework/Flutter \\\n  @rpath/FlutterExt.framework/FlutterExt \\\n  \"${binary}\"\notool -L \"${binary}\" | grep -q FlutterExt.framework/FlutterExt || {\n  echo \"error: the extension still links Flutter.framework\" >&2\n  exit 1\n}\n";
		};
/* End PBXShellScriptBuildPhase section */

/* Begin PBXSourcesBuildPhase section */
		97C146EA1CF9000F007C117D /* Sources */ = {
			isa = PBXSourcesBuildPhase;
			buildActionMask = 2147483647;
			files = (
				74858FAF1ED2DC5600515810 /* AppDelegate.swift in Sources */,
				1498D2341E8E89220040F4C2 /* GeneratedPluginRegistrant.m in Sources */,
				89065F04E9997DB7CBA3ADD0 /* AutofillIdentityChannel.swift in Sources */,
			);
			runOnlyForDeploymentPostprocessing = 0;
		};
		BE6844013D63772DCA064C72 /* Sources */ = {
			isa = PBXSourcesBuildPhase;
			buildActionMask = 2147483647;
			files = (
				4A5F1DD039050A88EEA23860 /* AutofillEngine.swift in Sources */,
				FC1CAF6F2539457D6AE032AB /* AutofillVaultStore.swift in Sources */,
				8D31020EE9E82DEFCD0997D1 /* ConfigurationViewController.swift in Sources */,
				52E8D926373FBB6782547F31 /* CredentialListViewController.swift in Sources */,
				9757C218BFC904FCDF43FB10 /* CredentialProviderViewController.swift in Sources */,
			);
			runOnlyForDeploymentPostprocessing = 0;
		};
/* End PBXSourcesBuildPhase section */

/* Begin PBXTargetDependency section */
		16FA729F6D4D7CEE616403F0 /* PBXTargetDependency */ = {
			isa = PBXTargetDependency;
			name = AuthPassAutofill;
			targetProxy = 4FEE413F563C9FB39FEC8691 /* PBXContainerItemProxy */;
		};
		406CF8AE6F32DB025DB5EDAB /* PBXTargetDependency */ = {
			isa = PBXTargetDependency;
			name = AuthPassAutofill;
			target = 7CB272827ED27F20B3EDCD42 /* AuthPassAutofill */;
			targetProxy = F2EFFEF20A1C5AD8C99F7A5D /* PBXContainerItemProxy */;
		};
/* End PBXTargetDependency section */

/* Begin PBXVariantGroup section */
		97C146FA1CF9000F007C117D /* Main.storyboard */ = {
			isa = PBXVariantGroup;
			children = (
				97C146FB1CF9000F007C117D /* Base */,
			);
			name = Main.storyboard;
			sourceTree = "<group>";
		};
		97C146FF1CF9000F007C117D /* LaunchScreen.storyboard */ = {
			isa = PBXVariantGroup;
			children = (
				97C147001CF9000F007C117D /* Base */,
			);
			name = LaunchScreen.storyboard;
			sourceTree = "<group>";
		};
/* End PBXVariantGroup section */

/* Begin XCBuildConfiguration section */
		19C2D64822AFA5BAD3F102A5 /* Release */ = {
			isa = XCBuildConfiguration;
			baseConfigurationReference = 9740EEB31CF90195004384FC /* Generated.xcconfig */;
			buildSettings = {
				APPLICATION_EXTENSION_API_ONLY = YES;
				CLANG_ENABLE_OBJC_WEAK = NO;
				CODE_SIGN_ENTITLEMENTS = AuthPassAutofill/AuthPassAutofill.entitlements;
				CODE_SIGN_IDENTITY = "Apple Distribution";
				CODE_SIGN_STYLE = Manual;
				DEVELOPMENT_TEAM = 64ZPC769JY;
				ENABLE_BITCODE = NO;
				FRAMEWORK_SEARCH_PATHS = (
					"$(inherited)",
					"$(PROJECT_DIR)/../../autofill_module/build/framework/current",
				);
				INFOPLIST_FILE = AuthPassAutofill/Info.plist;
				IPHONEOS_DEPLOYMENT_TARGET = 17.0;
				LD_RUNPATH_SEARCH_PATHS = (
					"$(inherited)",
					"@executable_path/../../Frameworks",
				);
				PRODUCT_BUNDLE_IDENTIFIER = design.codeux.authpass.ios.autofill;
				PRODUCT_NAME = AuthPassAutofill;
				PROVISIONING_PROFILE_SPECIFIER = "AuthPass iOS AutoFill AppStore";
				SDKROOT = iphoneos;
				SKIP_INSTALL = YES;
				SWIFT_VERSION = 5.0;
				TARGETED_DEVICE_FAMILY = "1,2";
				VALIDATE_PRODUCT = YES;
			};
			name = Release;
		};
		249021D3217E4FDB00AE95B9 /* Profile */ = {
			isa = XCBuildConfiguration;
			buildSettings = {
				ALWAYS_SEARCH_USER_PATHS = NO;
				CLANG_ANALYZER_NONNULL = YES;
				CLANG_CXX_LANGUAGE_STANDARD = "gnu++0x";
				CLANG_CXX_LIBRARY = "libc++";
				CLANG_ENABLE_MODULES = YES;
				CLANG_ENABLE_OBJC_ARC = YES;
				CLANG_WARN_BLOCK_CAPTURE_AUTORELEASING = YES;
				CLANG_WARN_BOOL_CONVERSION = YES;
				CLANG_WARN_COMMA = YES;
				CLANG_WARN_CONSTANT_CONVERSION = YES;
				CLANG_WARN_DEPRECATED_OBJC_IMPLEMENTATIONS = YES;
				CLANG_WARN_DIRECT_OBJC_ISA_USAGE = YES_ERROR;
				CLANG_WARN_EMPTY_BODY = YES;
				CLANG_WARN_ENUM_CONVERSION = YES;
				CLANG_WARN_INFINITE_RECURSION = YES;
				CLANG_WARN_INT_CONVERSION = YES;
				CLANG_WARN_NON_LITERAL_NULL_CONVERSION = YES;
				CLANG_WARN_OBJC_IMPLICIT_RETAIN_SELF = YES;
				CLANG_WARN_OBJC_LITERAL_CONVERSION = YES;
				CLANG_WARN_OBJC_ROOT_CLASS = YES_ERROR;
				CLANG_WARN_RANGE_LOOP_ANALYSIS = YES;
				CLANG_WARN_STRICT_PROTOTYPES = YES;
				CLANG_WARN_SUSPICIOUS_MOVE = YES;
				CLANG_WARN_UNREACHABLE_CODE = YES;
				CLANG_WARN__DUPLICATE_METHOD_MATCH = YES;
				"CODE_SIGN_IDENTITY[sdk=iphoneos*]" = "iPhone Developer";
				COPY_PHASE_STRIP = NO;
				DEBUG_INFORMATION_FORMAT = "dwarf-with-dsym";
				ENABLE_NS_ASSERTIONS = NO;
				ENABLE_STRICT_OBJC_MSGSEND = YES;
				GCC_C_LANGUAGE_STANDARD = gnu99;
				GCC_NO_COMMON_BLOCKS = YES;
				GCC_WARN_64_TO_32_BIT_CONVERSION = YES;
				GCC_WARN_ABOUT_RETURN_TYPE = YES_ERROR;
				GCC_WARN_UNDECLARED_SELECTOR = YES;
				GCC_WARN_UNINITIALIZED_AUTOS = YES_AGGRESSIVE;
				GCC_WARN_UNUSED_FUNCTION = YES;
				GCC_WARN_UNUSED_VARIABLE = YES;
				IPHONEOS_DEPLOYMENT_TARGET = 13.0;
				MTL_ENABLE_DEBUG_INFO = NO;
				SDKROOT = iphoneos;
				TARGETED_DEVICE_FAMILY = "1,2";
				VALIDATE_PRODUCT = YES;
			};
			name = Profile;
		};
		249021D4217E4FDB00AE95B9 /* Profile */ = {
			isa = XCBuildConfiguration;
			baseConfigurationReference = 7AFA3C8E1D35360C0083082E /* Release.xcconfig */;
			buildSettings = {
				ASSETCATALOG_COMPILER_APPICON_NAME = AppIcon;
				CODE_SIGN_ENTITLEMENTS = Runner/Runner.entitlements;
				CODE_SIGN_IDENTITY = "Apple Distribution";
				CODE_SIGN_STYLE = Manual;
				CURRENT_PROJECT_VERSION = "$(FLUTTER_BUILD_NUMBER)";
				DEVELOPMENT_TEAM = 64ZPC769JY;
				"DEVELOPMENT_TEAM[sdk=iphoneos*]" = 64ZPC769JY;
				ENABLE_BITCODE = NO;
				FRAMEWORK_SEARCH_PATHS = (
					"$(inherited)",
					"$(PROJECT_DIR)/Flutter",
				);
				INFOPLIST_FILE = Runner/Info.plist;
				LD_RUNPATH_SEARCH_PATHS = (
					"$(inherited)",
					"@executable_path/Frameworks",
				);
				LIBRARY_SEARCH_PATHS = (
					"$(inherited)",
					"$(PROJECT_DIR)/Flutter",
				);
				PRODUCT_BUNDLE_IDENTIFIER = design.codeux.authpass.ios;
				PRODUCT_BUNDLE_IDENTIFIER_BASE = design.codeux.authpass.ios;
				PRODUCT_NAME = "$(TARGET_NAME)";
				PROVISIONING_PROFILE_SPECIFIER = "AuthPass iOS AppStore";
				SWIFT_OBJC_BRIDGING_HEADER = "Runner/Runner-Bridging-Header.h";
				SWIFT_VERSION = 4.0;
				VERSIONING_SYSTEM = "apple-generic";
			};
			name = Profile;
		};
		25442C410C6C1EDCA10D1D6C /* Debug */ = {
			isa = XCBuildConfiguration;
			baseConfigurationReference = 9740EEB31CF90195004384FC /* Generated.xcconfig */;
			buildSettings = {
				APPLICATION_EXTENSION_API_ONLY = YES;
				CLANG_ENABLE_OBJC_WEAK = NO;
				CODE_SIGN_ENTITLEMENTS = AuthPassAutofill/AuthPassAutofill.entitlements;
				CODE_SIGN_STYLE = Automatic;
				DEVELOPMENT_TEAM = 64ZPC769JY;
				ENABLE_BITCODE = NO;
				FRAMEWORK_SEARCH_PATHS = (
					"$(inherited)",
					"$(PROJECT_DIR)/../../autofill_module/build/framework/current",
				);
				INFOPLIST_FILE = AuthPassAutofill/Info.plist;
				IPHONEOS_DEPLOYMENT_TARGET = 17.0;
				LD_RUNPATH_SEARCH_PATHS = (
					"$(inherited)",
					"@executable_path/../../Frameworks",
				);
				PRODUCT_BUNDLE_IDENTIFIER = design.codeux.authpass.ios.debug.autofill;
				PRODUCT_NAME = AuthPassAutofill;
				SDKROOT = iphoneos;
				SKIP_INSTALL = YES;
				SWIFT_VERSION = 5.0;
				TARGETED_DEVICE_FAMILY = "1,2";
			};
			name = Debug;
		};
		97C147031CF9000F007C117D /* Debug */ = {
			isa = XCBuildConfiguration;
			buildSettings = {
				ALWAYS_SEARCH_USER_PATHS = NO;
				CLANG_ANALYZER_NONNULL = YES;
				CLANG_CXX_LANGUAGE_STANDARD = "gnu++0x";
				CLANG_CXX_LIBRARY = "libc++";
				CLANG_ENABLE_MODULES = YES;
				CLANG_ENABLE_OBJC_ARC = YES;
				CLANG_WARN_BLOCK_CAPTURE_AUTORELEASING = YES;
				CLANG_WARN_BOOL_CONVERSION = YES;
				CLANG_WARN_COMMA = YES;
				CLANG_WARN_CONSTANT_CONVERSION = YES;
				CLANG_WARN_DEPRECATED_OBJC_IMPLEMENTATIONS = YES;
				CLANG_WARN_DIRECT_OBJC_ISA_USAGE = YES_ERROR;
				CLANG_WARN_EMPTY_BODY = YES;
				CLANG_WARN_ENUM_CONVERSION = YES;
				CLANG_WARN_INFINITE_RECURSION = YES;
				CLANG_WARN_INT_CONVERSION = YES;
				CLANG_WARN_NON_LITERAL_NULL_CONVERSION = YES;
				CLANG_WARN_OBJC_IMPLICIT_RETAIN_SELF = YES;
				CLANG_WARN_OBJC_LITERAL_CONVERSION = YES;
				CLANG_WARN_OBJC_ROOT_CLASS = YES_ERROR;
				CLANG_WARN_RANGE_LOOP_ANALYSIS = YES;
				CLANG_WARN_STRICT_PROTOTYPES = YES;
				CLANG_WARN_SUSPICIOUS_MOVE = YES;
				CLANG_WARN_UNREACHABLE_CODE = YES;
				CLANG_WARN__DUPLICATE_METHOD_MATCH = YES;
				"CODE_SIGN_IDENTITY[sdk=iphoneos*]" = "iPhone Developer";
				COPY_PHASE_STRIP = NO;
				DEBUG_INFORMATION_FORMAT = dwarf;
				ENABLE_STRICT_OBJC_MSGSEND = YES;
				ENABLE_TESTABILITY = YES;
				GCC_C_LANGUAGE_STANDARD = gnu99;
				GCC_DYNAMIC_NO_PIC = NO;
				GCC_NO_COMMON_BLOCKS = YES;
				GCC_OPTIMIZATION_LEVEL = 0;
				GCC_PREPROCESSOR_DEFINITIONS = (
					"DEBUG=1",
					"$(inherited)",
				);
				GCC_WARN_64_TO_32_BIT_CONVERSION = YES;
				GCC_WARN_ABOUT_RETURN_TYPE = YES_ERROR;
				GCC_WARN_UNDECLARED_SELECTOR = YES;
				GCC_WARN_UNINITIALIZED_AUTOS = YES_AGGRESSIVE;
				GCC_WARN_UNUSED_FUNCTION = YES;
				GCC_WARN_UNUSED_VARIABLE = YES;
				IPHONEOS_DEPLOYMENT_TARGET = 13.0;
				MTL_ENABLE_DEBUG_INFO = YES;
				ONLY_ACTIVE_ARCH = YES;
				SDKROOT = iphoneos;
				TARGETED_DEVICE_FAMILY = "1,2";
			};
			name = Debug;
		};
		97C147041CF9000F007C117D /* Release */ = {
			isa = XCBuildConfiguration;
			buildSettings = {
				ALWAYS_SEARCH_USER_PATHS = NO;
				CLANG_ANALYZER_NONNULL = YES;
				CLANG_CXX_LANGUAGE_STANDARD = "gnu++0x";
				CLANG_CXX_LIBRARY = "libc++";
				CLANG_ENABLE_MODULES = YES;
				CLANG_ENABLE_OBJC_ARC = YES;
				CLANG_WARN_BLOCK_CAPTURE_AUTORELEASING = YES;
				CLANG_WARN_BOOL_CONVERSION = YES;
				CLANG_WARN_COMMA = YES;
				CLANG_WARN_CONSTANT_CONVERSION = YES;
				CLANG_WARN_DEPRECATED_OBJC_IMPLEMENTATIONS = YES;
				CLANG_WARN_DIRECT_OBJC_ISA_USAGE = YES_ERROR;
				CLANG_WARN_EMPTY_BODY = YES;
				CLANG_WARN_ENUM_CONVERSION = YES;
				CLANG_WARN_INFINITE_RECURSION = YES;
				CLANG_WARN_INT_CONVERSION = YES;
				CLANG_WARN_NON_LITERAL_NULL_CONVERSION = YES;
				CLANG_WARN_OBJC_IMPLICIT_RETAIN_SELF = YES;
				CLANG_WARN_OBJC_LITERAL_CONVERSION = YES;
				CLANG_WARN_OBJC_ROOT_CLASS = YES_ERROR;
				CLANG_WARN_RANGE_LOOP_ANALYSIS = YES;
				CLANG_WARN_STRICT_PROTOTYPES = YES;
				CLANG_WARN_SUSPICIOUS_MOVE = YES;
				CLANG_WARN_UNREACHABLE_CODE = YES;
				CLANG_WARN__DUPLICATE_METHOD_MATCH = YES;
				"CODE_SIGN_IDENTITY[sdk=iphoneos*]" = "iPhone Developer";
				COPY_PHASE_STRIP = NO;
				DEBUG_INFORMATION_FORMAT = "dwarf-with-dsym";
				ENABLE_NS_ASSERTIONS = NO;
				ENABLE_STRICT_OBJC_MSGSEND = YES;
				GCC_C_LANGUAGE_STANDARD = gnu99;
				GCC_NO_COMMON_BLOCKS = YES;
				GCC_WARN_64_TO_32_BIT_CONVERSION = YES;
				GCC_WARN_ABOUT_RETURN_TYPE = YES_ERROR;
				GCC_WARN_UNDECLARED_SELECTOR = YES;
				GCC_WARN_UNINITIALIZED_AUTOS = YES_AGGRESSIVE;
				GCC_WARN_UNUSED_FUNCTION = YES;
				GCC_WARN_UNUSED_VARIABLE = YES;
				IPHONEOS_DEPLOYMENT_TARGET = 13.0;
				MTL_ENABLE_DEBUG_INFO = NO;
				SDKROOT = iphoneos;
				SWIFT_OPTIMIZATION_LEVEL = "-Owholemodule";
				TARGETED_DEVICE_FAMILY = "1,2";
				VALIDATE_PRODUCT = YES;
			};
			name = Release;
		};
		97C147061CF9000F007C117D /* Debug */ = {
			isa = XCBuildConfiguration;
			baseConfigurationReference = 9740EEB21CF90195004384FC /* Debug.xcconfig */;
			buildSettings = {
				ASSETCATALOG_COMPILER_APPICON_NAME = AppIcon;
				CLANG_ENABLE_MODULES = YES;
				CODE_SIGN_ENTITLEMENTS = Runner/Runner.entitlements;
				CODE_SIGN_IDENTITY = "Apple Development";
				CODE_SIGN_STYLE = Automatic;
				CURRENT_PROJECT_VERSION = "$(FLUTTER_BUILD_NUMBER)";
				DEVELOPMENT_TEAM = 64ZPC769JY;
				ENABLE_BITCODE = NO;
				FRAMEWORK_SEARCH_PATHS = (
					"$(inherited)",
					"$(PROJECT_DIR)/Flutter",
				);
				INFOPLIST_FILE = Runner/Info.plist;
				LD_RUNPATH_SEARCH_PATHS = (
					"$(inherited)",
					"@executable_path/Frameworks",
				);
				LIBRARY_SEARCH_PATHS = (
					"$(inherited)",
					"$(PROJECT_DIR)/Flutter",
				);
				PRODUCT_BUNDLE_IDENTIFIER = design.codeux.authpass.ios.debug;
				PRODUCT_BUNDLE_IDENTIFIER_BASE = design.codeux.authpass.ios.debug;
				PRODUCT_NAME = "$(TARGET_NAME)";
				PROVISIONING_PROFILE_SPECIFIER = "";
				SWIFT_OBJC_BRIDGING_HEADER = "Runner/Runner-Bridging-Header.h";
				SWIFT_OPTIMIZATION_LEVEL = "-Onone";
				SWIFT_SWIFT3_OBJC_INFERENCE = On;
				SWIFT_VERSION = 4.0;
				VERSIONING_SYSTEM = "apple-generic";
			};
			name = Debug;
		};
		97C147071CF9000F007C117D /* Release */ = {
			isa = XCBuildConfiguration;
			baseConfigurationReference = 7AFA3C8E1D35360C0083082E /* Release.xcconfig */;
			buildSettings = {
				ASSETCATALOG_COMPILER_APPICON_NAME = AppIcon;
				CLANG_ENABLE_MODULES = YES;
				CODE_SIGN_ENTITLEMENTS = Runner/Runner.entitlements;
				CODE_SIGN_IDENTITY = "Apple Distribution";
				CODE_SIGN_STYLE = Manual;
				CURRENT_PROJECT_VERSION = "$(FLUTTER_BUILD_NUMBER)";
				DEVELOPMENT_TEAM = 64ZPC769JY;
				"DEVELOPMENT_TEAM[sdk=iphoneos*]" = 64ZPC769JY;
				ENABLE_BITCODE = NO;
				FRAMEWORK_SEARCH_PATHS = (
					"$(inherited)",
					"$(PROJECT_DIR)/Flutter",
				);
				INFOPLIST_FILE = Runner/Info.plist;
				LD_RUNPATH_SEARCH_PATHS = (
					"$(inherited)",
					"@executable_path/Frameworks",
				);
				LIBRARY_SEARCH_PATHS = (
					"$(inherited)",
					"$(PROJECT_DIR)/Flutter",
				);
				PRODUCT_BUNDLE_IDENTIFIER = design.codeux.authpass.ios;
				PRODUCT_BUNDLE_IDENTIFIER_BASE = design.codeux.authpass.ios;
				PRODUCT_NAME = "$(TARGET_NAME)";
				PROVISIONING_PROFILE_SPECIFIER = "AuthPass iOS AppStore";
				SWIFT_OBJC_BRIDGING_HEADER = "Runner/Runner-Bridging-Header.h";
				SWIFT_SWIFT3_OBJC_INFERENCE = On;
				SWIFT_VERSION = 4.0;
				VERSIONING_SYSTEM = "apple-generic";
			};
			name = Release;
		};
		DB0324D0F96989D60729E41A /* Profile */ = {
			isa = XCBuildConfiguration;
			baseConfigurationReference = 9740EEB31CF90195004384FC /* Generated.xcconfig */;
			buildSettings = {
				APPLICATION_EXTENSION_API_ONLY = YES;
				CLANG_ENABLE_OBJC_WEAK = NO;
				CODE_SIGN_ENTITLEMENTS = AuthPassAutofill/AuthPassAutofill.entitlements;
				CODE_SIGN_IDENTITY = "Apple Distribution";
				CODE_SIGN_STYLE = Manual;
				DEVELOPMENT_TEAM = 64ZPC769JY;
				ENABLE_BITCODE = NO;
				FRAMEWORK_SEARCH_PATHS = (
					"$(inherited)",
					"$(PROJECT_DIR)/../../autofill_module/build/framework/current",
				);
				INFOPLIST_FILE = AuthPassAutofill/Info.plist;
				IPHONEOS_DEPLOYMENT_TARGET = 17.0;
				LD_RUNPATH_SEARCH_PATHS = (
					"$(inherited)",
					"@executable_path/../../Frameworks",
				);
				PRODUCT_BUNDLE_IDENTIFIER = design.codeux.authpass.ios.autofill;
				PRODUCT_NAME = AuthPassAutofill;
				PROVISIONING_PROFILE_SPECIFIER = "AuthPass iOS AutoFill AppStore";
				SDKROOT = iphoneos;
				SKIP_INSTALL = YES;
				SWIFT_VERSION = 5.0;
				TARGETED_DEVICE_FAMILY = "1,2";
				VALIDATE_PRODUCT = YES;
			};
			name = Profile;
		};
/* End XCBuildConfiguration section */

/* Begin XCConfigurationList section */
		46F44F42ADD21B681471EA47 /* Build configuration list for PBXNativeTarget "AuthPassAutofill" */ = {
			isa = XCConfigurationList;
			buildConfigurations = (
				19C2D64822AFA5BAD3F102A5 /* Release */,
				25442C410C6C1EDCA10D1D6C /* Debug */,
				DB0324D0F96989D60729E41A /* Profile */,
			);
			defaultConfigurationIsVisible = 0;
			defaultConfigurationName = Release;
		};
		97C146E91CF9000F007C117D /* Build configuration list for PBXProject "Runner" */ = {
			isa = XCConfigurationList;
			buildConfigurations = (
				97C147031CF9000F007C117D /* Debug */,
				97C147041CF9000F007C117D /* Release */,
				249021D3217E4FDB00AE95B9 /* Profile */,
			);
			defaultConfigurationIsVisible = 0;
			defaultConfigurationName = Release;
		};
		97C147051CF9000F007C117D /* Build configuration list for PBXNativeTarget "Runner" */ = {
			isa = XCConfigurationList;
			buildConfigurations = (
				97C147061CF9000F007C117D /* Debug */,
				97C147071CF9000F007C117D /* Release */,
				249021D4217E4FDB00AE95B9 /* Profile */,
			);
			defaultConfigurationIsVisible = 0;
			defaultConfigurationName = Release;
		};
/* End XCConfigurationList section */

/* Begin XCLocalSwiftPackageReference section */
		781AD8BC2B33823900A9FFBB /* XCLocalSwiftPackageReference "FlutterGeneratedPluginSwiftPackage" */ = {
			isa = XCLocalSwiftPackageReference;
			relativePath = Flutter/ephemeral/Packages/FlutterGeneratedPluginSwiftPackage;
		};
/* End XCLocalSwiftPackageReference section */

/* Begin XCSwiftPackageProductDependency section */
		78A3181F2AECB46A00862997 /* FlutterGeneratedPluginSwiftPackage */ = {
			isa = XCSwiftPackageProductDependency;
			productName = FlutterGeneratedPluginSwiftPackage;
		};
/* End XCSwiftPackageProductDependency section */
	};
	rootObject = 97C146E61CF9000F007C117D /* Project object */;
}
