PODS:
  - argon2_ffi (0.0.1):
    - FlutterMacOS
  - biometric_storage (0.0.1):
    - FlutterMacOS
  - file_chooser (0.0.2):
    - FlutterMacOS
  - file_picker_writable (0.0.1):
    - FlutterMacOS
  - FlutterMacOS (1.0.0)
  - macos_secure_bookmarks (0.0.3):
    - FlutterMacOS
  - package_info (0.0.1):
    - FlutterMacOS
  - path_provider (0.0.1)
  - path_provider_macos (0.0.1):
    - FlutterMacOS
  - url_launcher (0.0.1)
  - url_launcher_macos (0.0.1):
    - FlutterMacOS

DEPENDENCIES:
  - argon2_ffi (from `Flutter/ephemeral/.symlinks/plugins/argon2_ffi/macos`)
  - biometric_storage (from `Flutter/ephemeral/.symlinks/plugins/biometric_storage/macos`)
  - file_chooser (from `Flutter/ephemeral/.symlinks/plugins/file_chooser/macos`)
  - file_picker_writable (from `Flutter/ephemeral/.symlinks/plugins/file_picker_writable/macos`)
  - FlutterMacOS (from `Flutter/ephemeral/.symlinks/flutter/darwin-x64-release`)
  - macos_secure_bookmarks (from `Flutter/ephemeral/.symlinks/plugins/macos_secure_bookmarks/macos`)
  - package_info (from `Flutter/ephemeral/.symlinks/plugins/package_info/macos`)
  - path_provider (from `Flutter/ephemeral/.symlinks/plugins/path_provider/macos`)
  - path_provider_macos (from `Flutter/ephemeral/.symlinks/plugins/path_provider_macos/macos`)
  - url_launcher (from `Flutter/ephemeral/.symlinks/plugins/url_launcher/macos`)
  - url_launcher_macos (from `Flutter/ephemeral/.symlinks/plugins/url_launcher_macos/macos`)

EXTERNAL SOURCES:
  argon2_ffi:
    :path: Flutter/ephemeral/.symlinks/plugins/argon2_ffi/macos
  biometric_storage:
    :path: Flutter/ephemeral/.symlinks/plugins/biometric_storage/macos
  file_chooser:
    :path: Flutter/ephemeral/.symlinks/plugins/file_chooser/macos
  file_picker_writable:
    :path: Flutter/ephemeral/.symlinks/plugins/file_picker_writable/macos
  FlutterMacOS:
    :path: Flutter/ephemeral/.symlinks/flutter/darwin-x64-release
  macos_secure_bookmarks:
    :path: Flutter/ephemeral/.symlinks/plugins/macos_secure_bookmarks/macos
  package_info:
    :path: Flutter/ephemeral/.symlinks/plugins/package_info/macos
  path_provider:
    :path: Flutter/ephemeral/.symlinks/plugins/path_provider/macos
  path_provider_macos:
    :path: Flutter/ephemeral/.symlinks/plugins/path_provider_macos/macos
  url_launcher:
    :path: Flutter/ephemeral/.symlinks/plugins/url_launcher/macos
  url_launcher_macos:
    :path: Flutter/ephemeral/.symlinks/plugins/url_launcher_macos/macos

SPEC CHECKSUMS:
  argon2_ffi: ea9adefd65ac7236d1af897150c27f4c7db90d12
  biometric_storage: ecdb7121134e025b5217a084a5d9aa17d6ec5042
  file_chooser: 24432cf5dc836722b05c11c2a0a30d19c3c9b996
  file_picker_writable: 91694d55c22f8430d4be119f0afb49755e65cd0c
  FlutterMacOS: 15bea8a44d2fa024068daa0140371c020b4b6ff9
  macos_secure_bookmarks: cff041c4b377fa00941bb901aaec4d27fac5edf2
  package_info: 6eba2fd8d3371dda2d85c8db6fe97488f24b74b2
  path_provider: e0848572d1d38b9a7dd099e79cf83f5b7e2cde9f
  path_provider_macos: a0a3fd666cb7cd0448e936fb4abad4052961002b
  url_launcher: af78307ef9bafff91273b34f1c6c0c86a0004fd7
  url_launcher_macos: 45af3d61de06997666568a7149c1be98b41c95d4

PODFILE CHECKSUM: 3d7f23e3a499e4f844c299df7bc01f656165c909

COCOAPODS: 1.9.3
