PODS:
  - biometric_storage (0.0.1):
    - FlutterMacOS
  - file_chooser (0.0.2):
    - FlutterMacOS
  - FlutterMacOS (1.0.0)
  - macos_secure_bookmarks (0.0.3):
    - FlutterMacOS
  - path_provider_macos (0.0.1):
    - FlutterMacOS
  - url_launcher (0.0.1)
  - url_launcher_macos (0.0.1):
    - FlutterMacOS

DEPENDENCIES:
  - biometric_storage (from `Flutter/ephemeral/.symlinks/plugins/biometric_storage/macos`)
  - file_chooser (from `Flutter/ephemeral/.symlinks/plugins/file_chooser/macos`)
  - FlutterMacOS (from `Flutter/ephemeral/.symlinks/flutter/darwin-x64`)
  - macos_secure_bookmarks (from `Flutter/ephemeral/.symlinks/plugins/macos_secure_bookmarks/macos`)
  - path_provider_macos (from `Flutter/ephemeral/.symlinks/plugins/path_provider_macos/macos`)
  - url_launcher (from `Flutter/ephemeral/.symlinks/plugins/url_launcher/macos`)
  - url_launcher_macos (from `Flutter/ephemeral/.symlinks/plugins/url_launcher_macos/macos`)

EXTERNAL SOURCES:
  biometric_storage:
    :path: Flutter/ephemeral/.symlinks/plugins/biometric_storage/macos
  file_chooser:
    :path: Flutter/ephemeral/.symlinks/plugins/file_chooser/macos
  FlutterMacOS:
    :path: Flutter/ephemeral/.symlinks/flutter/darwin-x64
  macos_secure_bookmarks:
    :path: Flutter/ephemeral/.symlinks/plugins/macos_secure_bookmarks/macos
  path_provider_macos:
    :path: Flutter/ephemeral/.symlinks/plugins/path_provider_macos/macos
  url_launcher:
    :path: Flutter/ephemeral/.symlinks/plugins/url_launcher/macos
  url_launcher_macos:
    :path: Flutter/ephemeral/.symlinks/plugins/url_launcher_macos/macos

SPEC CHECKSUMS:
  biometric_storage: ecdb7121134e025b5217a084a5d9aa17d6ec5042
  file_chooser: 24432cf5dc836722b05c11c2a0a30d19c3c9b996
  FlutterMacOS: 15bea8a44d2fa024068daa0140371c020b4b6ff9
  macos_secure_bookmarks: cff041c4b377fa00941bb901aaec4d27fac5edf2
  path_provider_macos: adb94ae6c253c45ef2aac146fbf1f4504d74b0f8
  url_launcher: af78307ef9bafff91273b34f1c6c0c86a0004fd7
  url_launcher_macos: 76867a28e24e0b6b98bfd65f157b64108e6d477a

PODFILE CHECKSUM: 3d7f23e3a499e4f844c299df7bc01f656165c909

COCOAPODS: 1.8.4
